
Microsoft Visual Studio Solution File, Format Version 12.00
# Visual Studio Version 17
VisualStudioVersion = 17.0.31903.59
MinimumVisualStudioVersion = 10.0.40219.1
Project("{2150E333-8FDC-42A3-9474-1A3956D46DE8}") = "src", "src", "{827E0CD3-B72D-47B6-A68D-7590B98EB39B}"
EndProject
Project("{FAE04EC0-301F-11D3-BF4B-00C04F79EFBC}") = "CanliSkor.Api", "src\CanliSkor.Api\CanliSkor.Api.csproj", "{E3F87680-0B08-4DC8-B5CC-763364B92FF6}"
EndProject
Project("{FAE04EC0-301F-11D3-BF4B-00C04F79EFBC}") = "CanliSkor.Core", "src\CanliSkor.Core\CanliSkor.Core.csproj", "{E7CA7F63-ECB9-437A-9FE3-5C81CBEB5016}"
EndProject
Project("{FAE04EC0-301F-11D3-BF4B-00C04F79EFBC}") = "CanliSkor.Infrastructure", "src\CanliSkor.Infrastructure\CanliSkor.Infrastructure.csproj", "{0302BFCB-2777-44E9-9402-49FDDE2F31C9}"
EndProject
Project("{2150E333-8FDC-42A3-9474-1A3956D46DE8}") = "tests", "tests", "{0AB3BF05-4346-4AA6-1389-037BE0695223}"
EndProject
Project("{FAE04EC0-301F-11D3-BF4B-00C04F79EFBC}") = "CanliSkor.Core.Tests", "tests\CanliSkor.Core.Tests\CanliSkor.Core.Tests.csproj", "{61FFFEEC-D9FF-4F35-B541-59D667B9EEF3}"
EndProject
Project("{FAE04EC0-301F-11D3-BF4B-00C04F79EFBC}") = "CanliSkor.Infrastructure.Tests", "tests\CanliSkor.Infrastructure.Tests\CanliSkor.Infrastructure.Tests.csproj", "{F7CF79EF-8A23-4BFA-A0B1-11CF1165A709}"
EndProject
Global
	GlobalSection(SolutionConfigurationPlatforms) = preSolution
		Debug|Any CPU = Debug|Any CPU
		Debug|x64 = Debug|x64
		Debug|x86 = Debug|x86
		Release|Any CPU = Release|Any CPU
		Release|x64 = Release|x64
		Release|x86 = Release|x86
	EndGlobalSection
	GlobalSection(ProjectConfigurationPlatforms) = postSolution
		{E3F87680-0B08-4DC8-B5CC-763364B92FF6}.Debug|Any CPU.ActiveCfg = Debug|Any CPU
		{E3F87680-0B08-4DC8-B5CC-763364B92FF6}.Debug|Any CPU.Build.0 = Debug|Any CPU
		{E3F87680-0B08-4DC8-B5CC-763364B92FF6}.Debug|x64.ActiveCfg = Debug|Any CPU
		{E3F87680-0B08-4DC8-B5CC-763364B92FF6}.Debug|x64.Build.0 = Debug|Any CPU
		{E3F87680-0B08-4DC8-B5CC-763364B92FF6}.Debug|x86.ActiveCfg = Debug|Any CPU
		{E3F87680-0B08-4DC8-B5CC-763364B92FF6}.Debug|x86.Build.0 = Debug|Any CPU
		{E3F87680-0B08-4DC8-B5CC-763364B92FF6}.Release|Any CPU.ActiveCfg = Release|Any CPU
		{E3F87680-0B08-4DC8-B5CC-763364B92FF6}.Release|Any CPU.Build.0 = Release|Any CPU
		{E3F87680-0B08-4DC8-B5CC-763364B92FF6}.Release|x64.ActiveCfg = Release|Any CPU
		{E3F87680-0B08-4DC8-B5CC-763364B92FF6}.Release|x64.Build.0 = Release|Any CPU
		{E3F87680-0B08-4DC8-B5CC-763364B92FF6}.Release|x86.ActiveCfg = Release|Any CPU
		{E3F87680-0B08-4DC8-B5CC-763364B92FF6}.Release|x86.Build.0 = Release|Any CPU
		{E7CA7F63-ECB9-437A-9FE3-5C81CBEB5016}.Debug|Any CPU.ActiveCfg = Debug|Any CPU
		{E7CA7F63-ECB9-437A-9FE3-5C81CBEB5016}.Debug|Any CPU.Build.0 = Debug|Any CPU
		{E7CA7F63-ECB9-437A-9FE3-5C81CBEB5016}.Debug|x64.ActiveCfg = Debug|Any CPU
		{E7CA7F63-ECB9-437A-9FE3-5C81CBEB5016}.Debug|x64.Build.0 = Debug|Any CPU
		{E7CA7F63-ECB9-437A-9FE3-5C81CBEB5016}.Debug|x86.ActiveCfg = Debug|Any CPU
		{E7CA7F63-ECB9-437A-9FE3-5C81CBEB5016}.Debug|x86.Build.0 = Debug|Any CPU
		{E7CA7F63-ECB9-437A-9FE3-5C81CBEB5016}.Release|Any CPU.ActiveCfg = Release|Any CPU
		{E7CA7F63-ECB9-437A-9FE3-5C81CBEB5016}.Release|Any CPU.Build.0 = Release|Any CPU
		{E7CA7F63-ECB9-437A-9FE3-5C81CBEB5016}.Release|x64.ActiveCfg = Release|Any CPU
		{E7CA7F63-ECB9-437A-9FE3-5C81CBEB5016}.Release|x64.Build.0 = Release|Any CPU
		{E7CA7F63-ECB9-437A-9FE3-5C81CBEB5016}.Release|x86.ActiveCfg = Release|Any CPU
		{E7CA7F63-ECB9-437A-9FE3-5C81CBEB5016}.Release|x86.Build.0 = Release|Any CPU
		{0302BFCB-2777-44E9-9402-49FDDE2F31C9}.Debug|Any CPU.ActiveCfg = Debug|Any CPU
		{0302BFCB-2777-44E9-9402-49FDDE2F31C9}.Debug|Any CPU.Build.0 = Debug|Any CPU
		{0302BFCB-2777-44E9-9402-49FDDE2F31C9}.Debug|x64.ActiveCfg = Debug|Any CPU
		{0302BFCB-2777-44E9-9402-49FDDE2F31C9}.Debug|x64.Build.0 = Debug|Any CPU
		{0302BFCB-2777-44E9-9402-49FDDE2F31C9}.Debug|x86.ActiveCfg = Debug|Any CPU
		{0302BFCB-2777-44E9-9402-49FDDE2F31C9}.Debug|x86.Build.0 = Debug|Any CPU
		{0302BFCB-2777-44E9-9402-49FDDE2F31C9}.Release|Any CPU.ActiveCfg = Release|Any CPU
		{0302BFCB-2777-44E9-9402-49FDDE2F31C9}.Release|Any CPU.Build.0 = Release|Any CPU
		{0302BFCB-2777-44E9-9402-49FDDE2F31C9}.Release|x64.ActiveCfg = Release|Any CPU
		{0302BFCB-2777-44E9-9402-49FDDE2F31C9}.Release|x64.Build.0 = Release|Any CPU
		{0302BFCB-2777-44E9-9402-49FDDE2F31C9}.Release|x86.ActiveCfg = Release|Any CPU
		{0302BFCB-2777-44E9-9402-49FDDE2F31C9}.Release|x86.Build.0 = Release|Any CPU
		{61FFFEEC-D9FF-4F35-B541-59D667B9EEF3}.Debug|Any CPU.ActiveCfg = Debug|Any CPU
		{61FFFEEC-D9FF-4F35-B541-59D667B9EEF3}.Debug|Any CPU.Build.0 = Debug|Any CPU
		{61FFFEEC-D9FF-4F35-B541-59D667B9EEF3}.Debug|x64.ActiveCfg = Debug|Any CPU
		{61FFFEEC-D9FF-4F35-B541-59D667B9EEF3}.Debug|x64.Build.0 = Debug|Any CPU
		{61FFFEEC-D9FF-4F35-B541-59D667B9EEF3}.Debug|x86.ActiveCfg = Debug|Any CPU
		{61FFFEEC-D9FF-4F35-B541-59D667B9EEF3}.Debug|x86.Build.0 = Debug|Any CPU
		{61FFFEEC-D9FF-4F35-B541-59D667B9EEF3}.Release|Any CPU.ActiveCfg = Release|Any CPU
		{61FFFEEC-D9FF-4F35-B541-59D667B9EEF3}.Release|Any CPU.Build.0 = Release|Any CPU
		{61FFFEEC-D9FF-4F35-B541-59D667B9EEF3}.Release|x64.ActiveCfg = Release|Any CPU
		{61FFFEEC-D9FF-4F35-B541-59D667B9EEF3}.Release|x64.Build.0 = Release|Any CPU
		{61FFFEEC-D9FF-4F35-B541-59D667B9EEF3}.Release|x86.ActiveCfg = Release|Any CPU
		{61FFFEEC-D9FF-4F35-B541-59D667B9EEF3}.Release|x86.Build.0 = Release|Any CPU
		{F7CF79EF-8A23-4BFA-A0B1-11CF1165A709}.Debug|Any CPU.ActiveCfg = Debug|Any CPU
		{F7CF79EF-8A23-4BFA-A0B1-11CF1165A709}.Debug|Any CPU.Build.0 = Debug|Any CPU
		{F7CF79EF-8A23-4BFA-A0B1-11CF1165A709}.Debug|x64.ActiveCfg = Debug|Any CPU
		{F7CF79EF-8A23-4BFA-A0B1-11CF1165A709}.Debug|x64.Build.0 = Debug|Any CPU
		{F7CF79EF-8A23-4BFA-A0B1-11CF1165A709}.Debug|x86.ActiveCfg = Debug|Any CPU
		{F7CF79EF-8A23-4BFA-A0B1-11CF1165A709}.Debug|x86.Build.0 = Debug|Any CPU
		{F7CF79EF-8A23-4BFA-A0B1-11CF1165A709}.Release|Any CPU.ActiveCfg = Release|Any CPU
		{F7CF79EF-8A23-4BFA-A0B1-11CF1165A709}.Release|Any CPU.Build.0 = Release|Any CPU
		{F7CF79EF-8A23-4BFA-A0B1-11CF1165A709}.Release|x64.ActiveCfg = Release|Any CPU
		{F7CF79EF-8A23-4BFA-A0B1-11CF1165A709}.Release|x64.Build.0 = Release|Any CPU
		{F7CF79EF-8A23-4BFA-A0B1-11CF1165A709}.Release|x86.ActiveCfg = Release|Any CPU
		{F7CF79EF-8A23-4BFA-A0B1-11CF1165A709}.Release|x86.Build.0 = Release|Any CPU
	EndGlobalSection
	GlobalSection(SolutionProperties) = preSolution
		HideSolutionNode = FALSE
	EndGlobalSection
	GlobalSection(NestedProjects) = preSolution
		{E3F87680-0B08-4DC8-B5CC-763364B92FF6} = {827E0CD3-B72D-47B6-A68D-7590B98EB39B}
		{E7CA7F63-ECB9-437A-9FE3-5C81CBEB5016} = {827E0CD3-B72D-47B6-A68D-7590B98EB39B}
		{0302BFCB-2777-44E9-9402-49FDDE2F31C9} = {827E0CD3-B72D-47B6-A68D-7590B98EB39B}
		{61FFFEEC-D9FF-4F35-B541-59D667B9EEF3} = {0AB3BF05-4346-4AA6-1389-037BE0695223}
		{F7CF79EF-8A23-4BFA-A0B1-11CF1165A709} = {0AB3BF05-4346-4AA6-1389-037BE0695223}
	EndGlobalSection
EndGlobal
